{
  "version": 4,
  "terraform_version": "1.3.0",
  "serial": 47,
  "lineage": "0dc6f0b6-d1a2-e06c-9b25-4bb2396e2503",
  "outputs": {},
  "resources": [
    {
      "mode": "managed",
      "type": "proxmox_vm_qemu",
      "name": "k3s_server_1",
      "provider": "provider[\"registry.terraform.io/telmate/proxmox\"]",
      "instances": [
        {
          "schema_version": 0,
          "attributes": {
            "additional_wait": 0,
            "agent": 1,
            "args": "",
            "automatic_reboot": true,
            "balloon": 0,
            "bios": "seabios",
            "boot": "c",
            "bootdisk": "",
            "bridge": "",
            "ci_wait": null,
            "cicustom": "",
            "cipassword": "",
            "ciuser": "bruce",
            "clone": "ubuntu-20-ci-tmplate",
            "clone_wait": 0,
            "cloudinit_cdrom_storage": null,
            "cores": 2,
            "cpu": "host",
            "default_ipv4_address": "10.0.0.160",
            "define_connection_info": true,
            "desc": "k3s server node 1",
            "disk": [
              {
                "aio": "",
                "backup": 0,
                "cache": "none",
                "discard": "on",
                "file": "vm-402-disk-0",
                "format": "raw",
                "iops": 0,
                "iops_max": 0,
                "iops_max_length": 0,
                "iops_rd": 0,
                "iops_rd_max": 0,
                "iops_rd_max_length": 0,
                "iops_wr": 0,
                "iops_wr_max": 0,
                "iops_wr_max_length": 0,
                "iothread": 0,
                "mbps": 0,
                "mbps_rd": 0,
                "mbps_rd_max": 0,
                "mbps_wr": 0,
                "mbps_wr_max": 0,
                "media": "",
                "replicate": 0,
                "size": "32G",
                "slot": 0,
                "ssd": 1,
                "storage": "local-lvm",
                "storage_type": "lvmthin",
                "type": "scsi",
                "volume": "local-lvm:vm-402-disk-0"
              }
            ],
            "disk_gb": 0,
            "force_create": false,
            "force_recreate_on_change_of": null,
            "full_clone": true,
            "guest_agent_ready_timeout": 100,
            "hagroup": "",
            "hastate": "",
            "hotplug": "network,disk,usb",
            "id": "pve/qemu/402",
            "ipconfig0": "ip=10.0.0.160/24,gw=10.0.0.1",
            "ipconfig1": "",
            "ipconfig2": "",
            "ipconfig3": "",
            "ipconfig4": "",
            "ipconfig5": "",
            "iso": null,
            "kvm": true,
            "mac": "",
            "memory": 4096,
            "name": "k3s-server-1",
            "nameserver": "",
            "network": [
              {
                "bridge": "vmbr0",
                "firewall": false,
                "link_down": false,
                "macaddr": "9A:CD:F0:58:E8:68",
                "model": "virtio",
                "mtu": 0,
                "queues": 0,
                "rate": 0,
                "tag": -1
              }
            ],
            "nic": "",
            "numa": false,
            "onboot": true,
            "oncreate": true,
            "os_network_config": null,
            "os_type": "cloud-init",
            "pool": "",
            "preprovision": true,
            "pxe": null,
            "qemu_os": "l26",
            "reboot_required": false,
            "scsihw": "virtio-scsi-pci",
            "searchdomain": "",
            "serial": [],
            "sockets": 1,
            "ssh_forward_ip": null,
            "ssh_host": "10.0.0.160",
            "ssh_port": "22",
            "ssh_private_key": null,
            "ssh_user": null,
            "sshkeys": "    ssh-rsa AAAAB3NzaC1yc2EAAAADAQABAAABgQDZitw/HmqNQDXT9RVjdOD0msmAD4uaUdT4ftDAavdhLCqizOdIARiEOZUG7DM7CRhBvi4mQ+KEgJ2HJgwCwUEkLRpoUJGpTOcIksxkw2OwrxouQCqzAMdTshnTfvvsVo4he3TgyYlUG/lE8CKrOnitQGE2Jxx23uPer7Vc+sxQ2KNoxuI6m+RJLPn1YHGiqVtxHfSKM1cQrtGrhFfWcRnf8OWgfKRTVMu3SB802WydBqejvEgs+Erg6ye/B0CO5mcS3S62ozq70IVlitf7nEDOz1D50awsvdsXCabV1ERVWtmgC8m5FTEcsTtypY5TlT6HmifLAXB9+z2/t4rmxZJvHif0ZKI+uWqX0+gt1PpyvrLV9bjsVrbFjgv/O1Qmv9J+kLHtZrVjbkwjjNYBSc2YmD9Fekw7eUmTG2H4F6y5nu68yawa4wvW0vVfLbT21QkOZXv3L8EhfoqG2aQbadiPdgLs4iZd64AmUQV4uv2Rzny3GSQ+Dg8bYU1KBFKeMKE= vithu@Vithus-MacBook-Pro.local\n\n\n",
            "startup": "",
            "storage": "",
            "storage_type": "",
            "tablet": true,
            "tags": "",
            "target_node": "pve",
            "timeouts": null,
            "unused_disk": [],
            "usb": [],
            "vcpus": 0,
            "vga": [],
            "vlan": -1,
            "vmid": 402
          },
          "sensitive_attributes": [],
          "private": "eyJlMmJmYjczMC1lY2FhLTExZTYtOGY4OC0zNDM2M2JjN2M0YzAiOnsiY3JlYXRlIjozMDAwMDAwMDAwMDAsImRlZmF1bHQiOjMwMDAwMDAwMDAwMCwiZGVsZXRlIjoxODAwMDAwMDAwMDAsInJlYWQiOjE4MDAwMDAwMDAwMCwidXBkYXRlIjoxODAwMDAwMDAwMDB9fQ=="
        }
      ]
    },
    {
      "mode": "managed",
      "type": "proxmox_vm_qemu",
      "name": "k3s_server_2",
      "provider": "provider[\"registry.terraform.io/telmate/proxmox\"]",
      "instances": [
        {
          "schema_version": 0,
          "attributes": {
            "additional_wait": 0,
            "agent": 1,
            "args": "",
            "automatic_reboot": true,
            "balloon": 0,
            "bios": "seabios",
            "boot": "c",
            "bootdisk": "",
            "bridge": "",
            "ci_wait": null,
            "cicustom": "",
            "cipassword": "",
            "ciuser": "bruce",
            "clone": "ubuntu-20-ci-tmplate",
            "clone_wait": 0,
            "cloudinit_cdrom_storage": null,
            "cores": 2,
            "cpu": "host",
            "default_ipv4_address": "10.0.0.162",
            "define_connection_info": true,
            "desc": "k3s server node 2",
            "disk": [
              {
                "aio": "",
                "backup": 0,
                "cache": "none",
                "discard": "on",
                "file": "vm-404-disk-0",
                "format": "raw",
                "iops": 0,
                "iops_max": 0,
                "iops_max_length": 0,
                "iops_rd": 0,
                "iops_rd_max": 0,
                "iops_rd_max_length": 0,
                "iops_wr": 0,
                "iops_wr_max": 0,
                "iops_wr_max_length": 0,
                "iothread": 0,
                "mbps": 0,
                "mbps_rd": 0,
                "mbps_rd_max": 0,
                "mbps_wr": 0,
                "mbps_wr_max": 0,
                "media": "",
                "replicate": 0,
                "size": "32G",
                "slot": 0,
                "ssd": 1,
                "storage": "local-lvm",
                "storage_type": "lvmthin",
                "type": "scsi",
                "volume": "local-lvm:vm-404-disk-0"
              }
            ],
            "disk_gb": 0,
            "force_create": false,
            "force_recreate_on_change_of": null,
            "full_clone": true,
            "guest_agent_ready_timeout": 100,
            "hagroup": "",
            "hastate": "",
            "hotplug": "network,disk,usb",
            "id": "pve/qemu/404",
            "ipconfig0": "ip=10.0.0.162/24,gw=10.0.0.1",
            "ipconfig1": "",
            "ipconfig2": "",
            "ipconfig3": "",
            "ipconfig4": "",
            "ipconfig5": "",
            "iso": null,
            "kvm": true,
            "mac": "",
            "memory": 4096,
            "name": "k3s-server-2",
            "nameserver": "",
            "network": [
              {
                "bridge": "vmbr0",
                "firewall": false,
                "link_down": false,
                "macaddr": "22:11:99:51:8D:1E",
                "model": "virtio",
                "mtu": 0,
                "queues": 0,
                "rate": 0,
                "tag": -1
              }
            ],
            "nic": "",
            "numa": false,
            "onboot": true,
            "oncreate": true,
            "os_network_config": null,
            "os_type": "cloud-init",
            "pool": "",
            "preprovision": true,
            "pxe": null,
            "qemu_os": "l26",
            "reboot_required": false,
            "scsihw": "virtio-scsi-pci",
            "searchdomain": "",
            "serial": [],
            "sockets": 1,
            "ssh_forward_ip": null,
            "ssh_host": "10.0.0.162",
            "ssh_port": "22",
            "ssh_private_key": null,
            "ssh_user": null,
            "sshkeys": "    ssh-rsa AAAAB3NzaC1yc2EAAAADAQABAAABgQDZitw/HmqNQDXT9RVjdOD0msmAD4uaUdT4ftDAavdhLCqizOdIARiEOZUG7DM7CRhBvi4mQ+KEgJ2HJgwCwUEkLRpoUJGpTOcIksxkw2OwrxouQCqzAMdTshnTfvvsVo4he3TgyYlUG/lE8CKrOnitQGE2Jxx23uPer7Vc+sxQ2KNoxuI6m+RJLPn1YHGiqVtxHfSKM1cQrtGrhFfWcRnf8OWgfKRTVMu3SB802WydBqejvEgs+Erg6ye/B0CO5mcS3S62ozq70IVlitf7nEDOz1D50awsvdsXCabV1ERVWtmgC8m5FTEcsTtypY5TlT6HmifLAXB9+z2/t4rmxZJvHif0ZKI+uWqX0+gt1PpyvrLV9bjsVrbFjgv/O1Qmv9J+kLHtZrVjbkwjjNYBSc2YmD9Fekw7eUmTG2H4F6y5nu68yawa4wvW0vVfLbT21QkOZXv3L8EhfoqG2aQbadiPdgLs4iZd64AmUQV4uv2Rzny3GSQ+Dg8bYU1KBFKeMKE= vithu@Vithus-MacBook-Pro.local\n\n\n",
            "startup": "",
            "storage": "",
            "storage_type": "",
            "tablet": true,
            "tags": "",
            "target_node": "pve",
            "timeouts": null,
            "unused_disk": [],
            "usb": [],
            "vcpus": 0,
            "vga": [],
            "vlan": -1,
            "vmid": 404
          },
          "sensitive_attributes": [],
          "private": "eyJlMmJmYjczMC1lY2FhLTExZTYtOGY4OC0zNDM2M2JjN2M0YzAiOnsiY3JlYXRlIjozMDAwMDAwMDAwMDAsImRlZmF1bHQiOjMwMDAwMDAwMDAwMCwiZGVsZXRlIjoxODAwMDAwMDAwMDAsInJlYWQiOjE4MDAwMDAwMDAwMCwidXBkYXRlIjoxODAwMDAwMDAwMDB9fQ=="
        }
      ]
    },
    {
      "mode": "managed",
      "type": "proxmox_vm_qemu",
      "name": "k3s_worker_1",
      "provider": "provider[\"registry.terraform.io/telmate/proxmox\"]",
      "instances": [
        {
          "schema_version": 0,
          "attributes": {
            "additional_wait": 0,
            "agent": 1,
            "args": "",
            "automatic_reboot": true,
            "balloon": 0,
            "bios": "seabios",
            "boot": "c",
            "bootdisk": "",
            "bridge": "",
            "ci_wait": null,
            "cicustom": "",
            "cipassword": "",
            "ciuser": "bruce",
            "clone": "ubuntu-20-ci-tmplate",
            "clone_wait": 0,
            "cloudinit_cdrom_storage": null,
            "cores": 2,
            "cpu": "host",
            "default_ipv4_address": "10.0.0.170",
            "define_connection_info": true,
            "desc": "k3s worker node",
            "disk": [
              {
                "aio": "",
                "backup": 0,
                "cache": "none",
                "discard": "on",
                "file": "vm-410-disk-0",
                "format": "raw",
                "iops": 0,
                "iops_max": 0,
                "iops_max_length": 0,
                "iops_rd": 0,
                "iops_rd_max": 0,
                "iops_rd_max_length": 0,
                "iops_wr": 0,
                "iops_wr_max": 0,
                "iops_wr_max_length": 0,
                "iothread": 0,
                "mbps": 0,
                "mbps_rd": 0,
                "mbps_rd_max": 0,
                "mbps_wr": 0,
                "mbps_wr_max": 0,
                "media": "",
                "replicate": 0,
                "size": "32G",
                "slot": 0,
                "ssd": 1,
                "storage": "local-lvm",
                "storage_type": "lvmthin",
                "type": "scsi",
                "volume": "local-lvm:vm-410-disk-0"
              }
            ],
            "disk_gb": 0,
            "force_create": false,
            "force_recreate_on_change_of": null,
            "full_clone": true,
            "guest_agent_ready_timeout": 100,
            "hagroup": "",
            "hastate": "",
            "hotplug": "network,disk,usb",
            "id": "pve/qemu/410",
            "ipconfig0": "ip=10.0.0.170/24,gw=10.0.0.1",
            "ipconfig1": "",
            "ipconfig2": "",
            "ipconfig3": "",
            "ipconfig4": "",
            "ipconfig5": "",
            "iso": null,
            "kvm": true,
            "mac": "",
            "memory": 4096,
            "name": "k3s-worker-1",
            "nameserver": "",
            "network": [
              {
                "bridge": "vmbr0",
                "firewall": false,
                "link_down": false,
                "macaddr": "0A:3A:55:F0:44:69",
                "model": "virtio",
                "mtu": 0,
                "queues": 0,
                "rate": 0,
                "tag": -1
              }
            ],
            "nic": "",
            "numa": false,
            "onboot": true,
            "oncreate": true,
            "os_network_config": null,
            "os_type": "cloud-init",
            "pool": "",
            "preprovision": true,
            "pxe": null,
            "qemu_os": "l26",
            "reboot_required": false,
            "scsihw": "virtio-scsi-pci",
            "searchdomain": "",
            "serial": [],
            "sockets": 1,
            "ssh_forward_ip": null,
            "ssh_host": "10.0.0.170",
            "ssh_port": "22",
            "ssh_private_key": null,
            "ssh_user": null,
            "sshkeys": "    ssh-rsa AAAAB3NzaC1yc2EAAAADAQABAAABgQDZitw/HmqNQDXT9RVjdOD0msmAD4uaUdT4ftDAavdhLCqizOdIARiEOZUG7DM7CRhBvi4mQ+KEgJ2HJgwCwUEkLRpoUJGpTOcIksxkw2OwrxouQCqzAMdTshnTfvvsVo4he3TgyYlUG/lE8CKrOnitQGE2Jxx23uPer7Vc+sxQ2KNoxuI6m+RJLPn1YHGiqVtxHfSKM1cQrtGrhFfWcRnf8OWgfKRTVMu3SB802WydBqejvEgs+Erg6ye/B0CO5mcS3S62ozq70IVlitf7nEDOz1D50awsvdsXCabV1ERVWtmgC8m5FTEcsTtypY5TlT6HmifLAXB9+z2/t4rmxZJvHif0ZKI+uWqX0+gt1PpyvrLV9bjsVrbFjgv/O1Qmv9J+kLHtZrVjbkwjjNYBSc2YmD9Fekw7eUmTG2H4F6y5nu68yawa4wvW0vVfLbT21QkOZXv3L8EhfoqG2aQbadiPdgLs4iZd64AmUQV4uv2Rzny3GSQ+Dg8bYU1KBFKeMKE= vithu@Vithus-MacBook-Pro.local\n\n\n\n\n",
            "startup": "",
            "storage": "",
            "storage_type": "",
            "tablet": true,
            "tags": "",
            "target_node": "pve",
            "timeouts": null,
            "unused_disk": [],
            "usb": [],
            "vcpus": 0,
            "vga": [],
            "vlan": -1,
            "vmid": 410
          },
          "sensitive_attributes": [],
          "private": "eyJlMmJmYjczMC1lY2FhLTExZTYtOGY4OC0zNDM2M2JjN2M0YzAiOnsiY3JlYXRlIjozMDAwMDAwMDAwMDAsImRlZmF1bHQiOjMwMDAwMDAwMDAwMCwiZGVsZXRlIjoxODAwMDAwMDAwMDAsInJlYWQiOjE4MDAwMDAwMDAwMCwidXBkYXRlIjoxODAwMDAwMDAwMDB9fQ=="
        }
      ]
    },
    {
      "mode": "managed",
      "type": "proxmox_vm_qemu",
      "name": "k3s_worker_2",
      "provider": "provider[\"registry.terraform.io/telmate/proxmox\"]",
      "instances": [
        {
          "schema_version": 0,
          "attributes": {
            "additional_wait": 0,
            "agent": 1,
            "args": "",
            "automatic_reboot": true,
            "balloon": 0,
            "bios": "seabios",
            "boot": "c",
            "bootdisk": "",
            "bridge": "",
            "ci_wait": null,
            "cicustom": "",
            "cipassword": "",
            "ciuser": "bruce",
            "clone": "ubuntu-20-ci-tmplate",
            "clone_wait": 0,
            "cloudinit_cdrom_storage": null,
            "cores": 2,
            "cpu": "host",
            "default_ipv4_address": "10.0.0.172",
            "define_connection_info": true,
            "desc": "k3s worker node",
            "disk": [
              {
                "aio": "",
                "backup": 0,
                "cache": "none",
                "discard": "on",
                "file": "vm-412-disk-0",
                "format": "raw",
                "iops": 0,
                "iops_max": 0,
                "iops_max_length": 0,
                "iops_rd": 0,
                "iops_rd_max": 0,
                "iops_rd_max_length": 0,
                "iops_wr": 0,
                "iops_wr_max": 0,
                "iops_wr_max_length": 0,
                "iothread": 0,
                "mbps": 0,
                "mbps_rd": 0,
                "mbps_rd_max": 0,
                "mbps_wr": 0,
                "mbps_wr_max": 0,
                "media": "",
                "replicate": 0,
                "size": "32G",
                "slot": 0,
                "ssd": 1,
                "storage": "local-lvm",
                "storage_type": "lvmthin",
                "type": "scsi",
                "volume": "local-lvm:vm-412-disk-0"
              }
            ],
            "disk_gb": 0,
            "force_create": false,
            "force_recreate_on_change_of": null,
            "full_clone": true,
            "guest_agent_ready_timeout": 100,
            "hagroup": "",
            "hastate": "",
            "hotplug": "network,disk,usb",
            "id": "pve/qemu/412",
            "ipconfig0": "ip=10.0.0.172/24,gw=10.0.0.1",
            "ipconfig1": "",
            "ipconfig2": "",
            "ipconfig3": "",
            "ipconfig4": "",
            "ipconfig5": "",
            "iso": null,
            "kvm": true,
            "mac": "",
            "memory": 4096,
            "name": "k3s-worker-2",
            "nameserver": "",
            "network": [
              {
                "bridge": "vmbr0",
                "firewall": false,
                "link_down": false,
                "macaddr": "42:99:FA:1A:43:69",
                "model": "virtio",
                "mtu": 0,
                "queues": 0,
                "rate": 0,
                "tag": -1
              }
            ],
            "nic": "",
            "numa": false,
            "onboot": true,
            "oncreate": true,
            "os_network_config": null,
            "os_type": "cloud-init",
            "pool": "",
            "preprovision": true,
            "pxe": null,
            "qemu_os": "l26",
            "reboot_required": false,
            "scsihw": "virtio-scsi-pci",
            "searchdomain": "",
            "serial": [],
            "sockets": 1,
            "ssh_forward_ip": null,
            "ssh_host": "10.0.0.172",
            "ssh_port": "22",
            "ssh_private_key": null,
            "ssh_user": null,
            "sshkeys": "    ssh-rsa AAAAB3NzaC1yc2EAAAADAQABAAABgQDZitw/HmqNQDXT9RVjdOD0msmAD4uaUdT4ftDAavdhLCqizOdIARiEOZUG7DM7CRhBvi4mQ+KEgJ2HJgwCwUEkLRpoUJGpTOcIksxkw2OwrxouQCqzAMdTshnTfvvsVo4he3TgyYlUG/lE8CKrOnitQGE2Jxx23uPer7Vc+sxQ2KNoxuI6m+RJLPn1YHGiqVtxHfSKM1cQrtGrhFfWcRnf8OWgfKRTVMu3SB802WydBqejvEgs+Erg6ye/B0CO5mcS3S62ozq70IVlitf7nEDOz1D50awsvdsXCabV1ERVWtmgC8m5FTEcsTtypY5TlT6HmifLAXB9+z2/t4rmxZJvHif0ZKI+uWqX0+gt1PpyvrLV9bjsVrbFjgv/O1Qmv9J+kLHtZrVjbkwjjNYBSc2YmD9Fekw7eUmTG2H4F6y5nu68yawa4wvW0vVfLbT21QkOZXv3L8EhfoqG2aQbadiPdgLs4iZd64AmUQV4uv2Rzny3GSQ+Dg8bYU1KBFKeMKE= vithu@Vithus-MacBook-Pro.local\n\n\n\n\n",
            "startup": "",
            "storage": "",
            "storage_type": "",
            "tablet": true,
            "tags": "",
            "target_node": "pve",
            "timeouts": null,
            "unused_disk": [],
            "usb": [],
            "vcpus": 0,
            "vga": [],
            "vlan": -1,
            "vmid": 412
          },
          "sensitive_attributes": [],
          "private": "eyJlMmJmYjczMC1lY2FhLTExZTYtOGY4OC0zNDM2M2JjN2M0YzAiOnsiY3JlYXRlIjozMDAwMDAwMDAwMDAsImRlZmF1bHQiOjMwMDAwMDAwMDAwMCwiZGVsZXRlIjoxODAwMDAwMDAwMDAsInJlYWQiOjE4MDAwMDAwMDAwMCwidXBkYXRlIjoxODAwMDAwMDAwMDB9fQ=="
        }
      ]
    }
  ],
  "check_results": []
}
